{
  "object": {
    "pins": [
      {
        "package": "Cryptor",
        "repositoryURL": "https://github.com/IBM-Swift/BlueCryptor.git",
        "state": {
          "branch": null,
          "revision": "12d2bf3ec7207ec3cd004b9582f69ef5fae1da3b",
          "version": "1.0.32"
        }
      },
      {
        "package": "Socket",
        "repositoryURL": "https://github.com/IBM-Swift/BlueSocket.git",
        "state": {
          "branch": null,
          "revision": "c46a3d41f5b2401d18bcb46d0101cdc5cd13e307",
          "version": "1.0.52"
        }
      },
      {
        "package": "SSLService",
        "repositoryURL": "https://github.com/IBM-Swift/BlueSSLService.git",
        "state": {
          "branch": null,
          "revision": "ab2c2aa2fe574969f391c80ee87746be431dee0e",
          "version": "1.0.52"
        }
      },
      {
        "package": "CloudEnvironment",
        "repositoryURL": "https://github.com/IBM-Swift/CloudEnvironment.git",
        "state": {
          "branch": null,
          "revision": "91f4da3c5d24804bb7bbba98705f1c722d453ad8",
          "version": "9.1.0"
        }
      },
      {
        "package": "Configuration",
        "repositoryURL": "https://github.com/IBM-Swift/Configuration.git",
        "state": {
          "branch": null,
          "revision": "da98da148509a3d7bd61fe01e7ade8926b52026b",
          "version": "3.0.4"
        }
      },
      {
        "package": "FileKit",
        "repositoryURL": "https://github.com/IBM-Swift/FileKit.git",
        "state": {
          "branch": null,
          "revision": "26911acde61a3556b7583f84180048ea6a03973c",
          "version": "0.0.2"
        }
      },
      {
        "package": "Health",
        "repositoryURL": "https://github.com/IBM-Swift/Health.git",
        "state": {
          "branch": null,
          "revision": "dcfc99814a289a9e02e408aa609c311c3151b60d",
          "version": "1.0.5"
        }
      },
      {
        "package": "HeliumLogger",
        "repositoryURL": "https://github.com/IBM-Swift/HeliumLogger.git",
        "state": {
          "branch": null,
          "revision": "146a36c2a91270e4213fa7d7e8192cd2e55d0ace",
          "version": "1.9.0"
        }
      },
      {
        "package": "Kitura",
        "repositoryURL": "https://github.com/IBM-Swift/Kitura.git",
        "state": {
          "branch": null,
          "revision": "0777165ed5b966ad2e62f9f9101cfa8b283e7684",
          "version": "2.8.1"
        }
      },
      {
        "package": "Kitura-net",
        "repositoryURL": "https://github.com/IBM-Swift/Kitura-net.git",
        "state": {
          "branch": null,
          "revision": "00985729329b73f3e20e40ec43071e4c294dfea3",
          "version": "2.4.0"
        }
      },
      {
        "package": "Kitura-TemplateEngine",
        "repositoryURL": "https://github.com/IBM-Swift/Kitura-TemplateEngine.git",
        "state": {
          "branch": null,
          "revision": "d62d74bca48c6fb76f9fc1f48eeb2d7af415e80b",
          "version": "2.0.1"
        }
      },
      {
        "package": "Kitura-WebSocket",
        "repositoryURL": "https://github.com/IBM-Swift/Kitura-WebSocket.git",
        "state": {
          "branch": null,
          "revision": "2595b0a9a4579e7c4abc61c52c588c4fcf988232",
          "version": "2.1.2"
        }
      },
      {
        "package": "KituraContracts",
        "repositoryURL": "https://github.com/IBM-Swift/KituraContracts.git",
        "state": {
          "branch": null,
          "revision": "a30e2fb79e926672776a05ec6b919c239870a221",
          "version": "1.2.1"
        }
      },
      {
        "package": "LoggerAPI",
        "repositoryURL": "https://github.com/IBM-Swift/LoggerAPI.git",
        "state": {
          "branch": null,
          "revision": "3357dd9526cdf9436fa63bb792b669e6efdc43da",
          "version": "1.9.0"
        }
      },
      {
        "package": "omr-agentcore",
        "repositoryURL": "https://github.com/RuntimeTools/omr-agentcore",
        "state": {
          "branch": null,
          "revision": "5a2361ba1f005596a2bfa28de76ed4acf1e71c33",
          "version": "3.2.4-swift4"
        }
      },
      {
        "package": "CloudFoundryEnv",
        "repositoryURL": "https://github.com/IBM-Swift/Swift-cfenv.git",
        "state": {
          "branch": null,
          "revision": "b6625a49d65f83036f0e9922b7e9f2fa66cb623e",
          "version": "6.0.3"
        }
      },
      {
        "package": "SwiftKuery",
        "repositoryURL": "https://github.com/IBM-Swift/Swift-Kuery.git",
        "state": {
          "branch": null,
          "revision": "d8e7cba51c6ca75de23b0229f584b536492ce23e",
          "version": "3.0.1"
        }
      },
      {
        "package": "SwiftKueryORM",
        "repositoryURL": "https://github.com/IBM-Swift/Swift-Kuery-ORM.git",
        "state": {
          "branch": null,
          "revision": "2c8638e787f4f48e4dd98cb162b87d08b5001d61",
          "version": "0.6.1"
        }
      },
      {
        "package": "swift-log",
        "repositoryURL": "https://github.com/apple/swift-log.git",
        "state": {
          "branch": null,
          "revision": "173f567a2dfec11d74588eea82cecea555bdc0bc",
          "version": "1.4.0"
        }
      },
      {
        "package": "SwiftKueryMySQL",
        "repositoryURL": "https://github.com/IBM-Swift/SwiftKueryMySQL.git",
        "state": {
          "branch": null,
          "revision": "c199d2dbe527476056ef8c24ccfa59118af6e0f0",
          "version": "2.0.2"
        }
      },
      {
        "package": "SwiftMetrics",
        "repositoryURL": "https://github.com/RuntimeTools/SwiftMetrics.git",
        "state": {
          "branch": null,
          "revision": "a8460c44d91ee25e0931be7792fed5e5c8a494a4",
          "version": "2.6.4"
        }
      },
      {
        "package": "TypeDecoder",
        "repositoryURL": "https://github.com/IBM-Swift/TypeDecoder.git",
        "state": {
          "branch": null,
          "revision": "a5978582981f7151594bdaf5fe0d3cd9b1d2d0c0",
          "version": "1.3.4"
        }
      }
    ]
  },
  "version": 1
}
